
Microsoft Visual Studio Solution File, Format Version 12.00
# Visual Studio Version 17
VisualStudioVersion = 17.8.34330.188
MinimumVisualStudioVersion = 10.0.40219.1
Project("{9A19103F-16F7-4668-BE54-9A1E7A4F7556}") = "UnitTest", "UnitTest.csproj", "{5CDD7B94-FFA1-4069-A7C4-180FB6AC8D02}"
EndProject
Project("{9A19103F-16F7-4668-BE54-9A1E7A4F7556}") = "EmailService.Core", "..\..\EmailService.Core\EmailService.Core.csproj", "{06BF1A7E-8A63-4ADE-B4B0-A69BC2ACCC8A}"
EndProject
Project("{9A19103F-16F7-4668-BE54-9A1E7A4F7556}") = "EmailService.API", "..\..\EmailService.API\EmailService.API.csproj", "{40A088B6-BD71-4EC8-ACF6-F74A880330DA}"
EndProject
Project("{9A19103F-16F7-4668-BE54-9A1E7A4F7556}") = "EmailService.Service", "..\..\EmailService.Service\EmailService.Service.csproj", "{A82691AF-5CEC-4741-922E-5C0AACBCF841}"
EndProject
Global
	GlobalSection(SolutionConfigurationPlatforms) = preSolution
		Debug|Any CPU = Debug|Any CPU
		Release|Any CPU = Release|Any CPU
	EndGlobalSection
	GlobalSection(ProjectConfigurationPlatforms) = postSolution
		{5CDD7B94-FFA1-4069-A7C4-180FB6AC8D02}.Debug|Any CPU.ActiveCfg = Debug|Any CPU
		{5CDD7B94-FFA1-4069-A7C4-180FB6AC8D02}.Debug|Any CPU.Build.0 = Debug|Any CPU
		{5CDD7B94-FFA1-4069-A7C4-180FB6AC8D02}.Release|Any CPU.ActiveCfg = Release|Any CPU
		{5CDD7B94-FFA1-4069-A7C4-180FB6AC8D02}.Release|Any CPU.Build.0 = Release|Any CPU
		{06BF1A7E-8A63-4ADE-B4B0-A69BC2ACCC8A}.Debug|Any CPU.ActiveCfg = Debug|Any CPU
		{06BF1A7E-8A63-4ADE-B4B0-A69BC2ACCC8A}.Debug|Any CPU.Build.0 = Debug|Any CPU
		{06BF1A7E-8A63-4ADE-B4B0-A69BC2ACCC8A}.Release|Any CPU.ActiveCfg = Release|Any CPU
		{06BF1A7E-8A63-4ADE-B4B0-A69BC2ACCC8A}.Release|Any CPU.Build.0 = Release|Any CPU
		{40A088B6-BD71-4EC8-ACF6-F74A880330DA}.Debug|Any CPU.ActiveCfg = Debug|Any CPU
		{40A088B6-BD71-4EC8-ACF6-F74A880330DA}.Debug|Any CPU.Build.0 = Debug|Any CPU
		{40A088B6-BD71-4EC8-ACF6-F74A880330DA}.Release|Any CPU.ActiveCfg = Release|Any CPU
		{40A088B6-BD71-4EC8-ACF6-F74A880330DA}.Release|Any CPU.Build.0 = Release|Any CPU
		{A82691AF-5CEC-4741-922E-5C0AACBCF841}.Debug|Any CPU.ActiveCfg = Debug|Any CPU
		{A82691AF-5CEC-4741-922E-5C0AACBCF841}.Debug|Any CPU.Build.0 = Debug|Any CPU
		{A82691AF-5CEC-4741-922E-5C0AACBCF841}.Release|Any CPU.ActiveCfg = Release|Any CPU
		{A82691AF-5CEC-4741-922E-5C0AACBCF841}.Release|Any CPU.Build.0 = Release|Any CPU
	EndGlobalSection
	GlobalSection(SolutionProperties) = preSolution
		HideSolutionNode = FALSE
	EndGlobalSection
	GlobalSection(ExtensibilityGlobals) = postSolution
		SolutionGuid = {85B71559-F4C9-4215-9B18-DBB164A0799C}
	EndGlobalSection
EndGlobal
